
Microsoft Visual Studio Solution File, Format Version 12.00
# Visual Studio Version 16
VisualStudioVersion = 16.0.29306.81
MinimumVisualStudioVersion = 10.0.40219.1
Project("{FAE04EC0-301F-11D3-BF4B-00C04F79EFBC}") = "Blood.Shared.Resources", "Blood.Shared.Resources\Blood.Shared.Resources.csproj", "{88398768-3D7E-4344-93E7-D12F3C9DE70C}"
EndProject
Global
	GlobalSection(SolutionConfigurationPlatforms) = preSolution
		Debug|Any CPU = Debug|Any CPU
		Release|Any CPU = Release|Any CPU
	EndGlobalSection
	GlobalSection(ProjectConfigurationPlatforms) = postSolution
		{88398768-3D7E-4344-93E7-D12F3C9DE70C}.Debug|Any CPU.ActiveCfg = Debug|Any CPU
		{88398768-3D7E-4344-93E7-D12F3C9DE70C}.Debug|Any CPU.Build.0 = Debug|Any CPU
		{88398768-3D7E-4344-93E7-D12F3C9DE70C}.Release|Any CPU.ActiveCfg = Release|Any CPU
		{88398768-3D7E-4344-93E7-D12F3C9DE70C}.Release|Any CPU.Build.0 = Release|Any CPU
	EndGlobalSection
	GlobalSection(SolutionProperties) = preSolution
		HideSolutionNode = FALSE
	EndGlobalSection
	GlobalSection(ExtensibilityGlobals) = postSolution
		SolutionGuid = {A6FB827A-457A-4F81-8680-01F218AD61CD}
	EndGlobalSection
EndGlobal
