
Microsoft Visual Studio Solution File, Format Version 12.00
# Visual Studio Version 16
VisualStudioVersion = 16.0.29509.3
MinimumVisualStudioVersion = 10.0.40219.1
Project("{FAE04EC0-301F-11D3-BF4B-00C04F79EFBC}") = "Blood.Gadget.Report", "Blood.Gadget.Report\Blood.Gadget.Report.csproj", "{70CC9978-C538-49CC-BCD0-3C1BB692DB35}"
EndProject
Project("{2150E333-8FDC-42A3-9474-1A3956D46DE8}") = "client", "client", "{31654DE5-2A79-42C9-A706-0CB42F504623}"
EndProject
Project("{2150E333-8FDC-42A3-9474-1A3956D46DE8}") = "modules", "modules", "{FA22BC43-3C34-4256-AA10-1F5800CA2665}"
EndProject
Global
	GlobalSection(SolutionConfigurationPlatforms) = preSolution
		Debug|Any CPU = Debug|Any CPU
		Release|Any CPU = Release|Any CPU
	EndGlobalSection
	GlobalSection(ProjectConfigurationPlatforms) = postSolution
		{70CC9978-C538-49CC-BCD0-3C1BB692DB35}.Debug|Any CPU.ActiveCfg = Debug|Any CPU
		{70CC9978-C538-49CC-BCD0-3C1BB692DB35}.Debug|Any CPU.Build.0 = Debug|Any CPU
		{70CC9978-C538-49CC-BCD0-3C1BB692DB35}.Release|Any CPU.ActiveCfg = Release|Any CPU
		{70CC9978-C538-49CC-BCD0-3C1BB692DB35}.Release|Any CPU.Build.0 = Release|Any CPU
	EndGlobalSection
	GlobalSection(SolutionProperties) = preSolution
		HideSolutionNode = FALSE
	EndGlobalSection
	GlobalSection(NestedProjects) = preSolution
		{70CC9978-C538-49CC-BCD0-3C1BB692DB35} = {31654DE5-2A79-42C9-A706-0CB42F504623}
	EndGlobalSection
	GlobalSection(ExtensibilityGlobals) = postSolution
		SolutionGuid = {1879FFAB-AE82-4E38-89D6-0534374275D6}
	EndGlobalSection
EndGlobal
