
Microsoft Visual Studio Solution File, Format Version 12.00
# Visual Studio Version 16
VisualStudioVersion = 16.0.29509.3
MinimumVisualStudioVersion = 10.0.40219.1
Project("{FAE04EC0-301F-11D3-BF4B-00C04F79EFBC}") = "Blood.Shared.Gadget.Registration", "Blood.Shared.Gadget.Registration\Blood.Shared.Gadget.Registration.csproj", "{8880360C-CD8B-4CBB-9A26-754185B1C24A}"
EndProject
Global
	GlobalSection(SolutionConfigurationPlatforms) = preSolution
		Debug|Any CPU = Debug|Any CPU
		Release|Any CPU = Release|Any CPU
	EndGlobalSection
	GlobalSection(ProjectConfigurationPlatforms) = postSolution
		{8880360C-CD8B-4CBB-9A26-754185B1C24A}.Debug|Any CPU.ActiveCfg = Debug|Any CPU
		{8880360C-CD8B-4CBB-9A26-754185B1C24A}.Debug|Any CPU.Build.0 = Debug|Any CPU
		{8880360C-CD8B-4CBB-9A26-754185B1C24A}.Release|Any CPU.ActiveCfg = Release|Any CPU
		{8880360C-CD8B-4CBB-9A26-754185B1C24A}.Release|Any CPU.Build.0 = Release|Any CPU
	EndGlobalSection
	GlobalSection(SolutionProperties) = preSolution
		HideSolutionNode = FALSE
	EndGlobalSection
	GlobalSection(ExtensibilityGlobals) = postSolution
		SolutionGuid = {EC3CB572-FB93-49B1-82F6-8F29121C988C}
	EndGlobalSection
EndGlobal
