
Microsoft Visual Studio Solution File, Format Version 12.00
# Visual Studio Version 16
VisualStudioVersion = 16.0.29613.14
MinimumVisualStudioVersion = 10.0.40219.1
Project("{FAE04EC0-301F-11D3-BF4B-00C04F79EFBC}") = "Blood.Server.Models.Action", "Blood.Server.Models.Action\Blood.Server.Models.Action.csproj", "{CA29C21D-E22A-4777-805B-EB06748986EE}"
EndProject
Global
	GlobalSection(SolutionConfigurationPlatforms) = preSolution
		Debug|Any CPU = Debug|Any CPU
		Release|Any CPU = Release|Any CPU
	EndGlobalSection
	GlobalSection(ProjectConfigurationPlatforms) = postSolution
		{CA29C21D-E22A-4777-805B-EB06748986EE}.Debug|Any CPU.ActiveCfg = Debug|Any CPU
		{CA29C21D-E22A-4777-805B-EB06748986EE}.Debug|Any CPU.Build.0 = Debug|Any CPU
		{CA29C21D-E22A-4777-805B-EB06748986EE}.Release|Any CPU.ActiveCfg = Release|Any CPU
		{CA29C21D-E22A-4777-805B-EB06748986EE}.Release|Any CPU.Build.0 = Release|Any CPU
	EndGlobalSection
	GlobalSection(SolutionProperties) = preSolution
		HideSolutionNode = FALSE
	EndGlobalSection
	GlobalSection(ExtensibilityGlobals) = postSolution
		SolutionGuid = {3D5F267F-A2F2-41FE-82E1-6F952CA00FD0}
	EndGlobalSection
EndGlobal
