
Microsoft Visual Studio Solution File, Format Version 12.00
# Visual Studio Version 16
VisualStudioVersion = 16.0.29306.81
MinimumVisualStudioVersion = 10.0.40219.1
Project("{FAE04EC0-301F-11D3-BF4B-00C04F79EFBC}") = "Blood.Server.Services.Component", "Blood.Server.Services.Component\Blood.Server.Services.Component.csproj", "{EF712AA2-B02B-4C25-BE35-375F8284FD27}"
EndProject
Global
	GlobalSection(SolutionConfigurationPlatforms) = preSolution
		Debug|Any CPU = Debug|Any CPU
		Release|Any CPU = Release|Any CPU
	EndGlobalSection
	GlobalSection(ProjectConfigurationPlatforms) = postSolution
		{EF712AA2-B02B-4C25-BE35-375F8284FD27}.Debug|Any CPU.ActiveCfg = Debug|Any CPU
		{EF712AA2-B02B-4C25-BE35-375F8284FD27}.Debug|Any CPU.Build.0 = Debug|Any CPU
		{EF712AA2-B02B-4C25-BE35-375F8284FD27}.Release|Any CPU.ActiveCfg = Release|Any CPU
		{EF712AA2-B02B-4C25-BE35-375F8284FD27}.Release|Any CPU.Build.0 = Release|Any CPU
	EndGlobalSection
	GlobalSection(SolutionProperties) = preSolution
		HideSolutionNode = FALSE
	EndGlobalSection
	GlobalSection(ExtensibilityGlobals) = postSolution
		SolutionGuid = {332830C1-5F89-453F-9C65-7A4F46FD4FC8}
	EndGlobalSection
EndGlobal
