
Microsoft Visual Studio Solution File, Format Version 12.00
# Visual Studio Version 16
VisualStudioVersion = 16.0.29306.81
MinimumVisualStudioVersion = 10.0.40219.1
Project("{FAE04EC0-301F-11D3-BF4B-00C04F79EFBC}") = "Blood.Shared.Communication", "Blood.Shared.Communication\Blood.Shared.Communication.csproj", "{36A4DBFF-854C-490B-8E5D-58F15C0B841F}"
EndProject
Global
	GlobalSection(SolutionConfigurationPlatforms) = preSolution
		Debug|Any CPU = Debug|Any CPU
		Release|Any CPU = Release|Any CPU
	EndGlobalSection
	GlobalSection(ProjectConfigurationPlatforms) = postSolution
		{36A4DBFF-854C-490B-8E5D-58F15C0B841F}.Debug|Any CPU.ActiveCfg = Debug|Any CPU
		{36A4DBFF-854C-490B-8E5D-58F15C0B841F}.Debug|Any CPU.Build.0 = Debug|Any CPU
		{36A4DBFF-854C-490B-8E5D-58F15C0B841F}.Release|Any CPU.ActiveCfg = Release|Any CPU
		{36A4DBFF-854C-490B-8E5D-58F15C0B841F}.Release|Any CPU.Build.0 = Release|Any CPU
	EndGlobalSection
	GlobalSection(SolutionProperties) = preSolution
		HideSolutionNode = FALSE
	EndGlobalSection
	GlobalSection(ExtensibilityGlobals) = postSolution
		SolutionGuid = {1F728C15-25C9-4C5B-ABB7-C262A2994ABD}
	EndGlobalSection
EndGlobal
