
Microsoft Visual Studio Solution File, Format Version 12.00
# Visual Studio Version 16
VisualStudioVersion = 16.0.29509.3
MinimumVisualStudioVersion = 10.0.40219.1
Project("{FAE04EC0-301F-11D3-BF4B-00C04F79EFBC}") = "Blood.Gadget.Registration", "Blood.Gadget.Registration\Blood.Gadget.Registration.csproj", "{6F1B3E49-B5D4-4B35-8D63-B65B20C0346F}"
EndProject
Project("{2150E333-8FDC-42A3-9474-1A3956D46DE8}") = "client", "client", "{84B1C0E0-4D2C-439E-B486-CE7E23ABB926}"
EndProject
Project("{2150E333-8FDC-42A3-9474-1A3956D46DE8}") = "modules", "modules", "{ADC3E837-9EAD-4738-AB96-C2A58D409F7F}"
EndProject
Project("{2150E333-8FDC-42A3-9474-1A3956D46DE8}") = "Collection", "Collection", "{CDB00EB9-1D99-4364-ABAF-E622F2DD978F}"
EndProject
Project("{2150E333-8FDC-42A3-9474-1A3956D46DE8}") = "Factory", "Factory", "{477489B4-73F3-4230-AC88-AB5E1EF8EF95}"
EndProject
Project("{FAE04EC0-301F-11D3-BF4B-00C04F79EFBC}") = "Blood.Gadget.Registration.Collection", "Modules\Collection\Blood.Gadget.Registration.Collection.csproj", "{4A4B168A-29CE-459C-A01F-A4B18E2043A5}"
EndProject
Project("{FAE04EC0-301F-11D3-BF4B-00C04F79EFBC}") = "Blood.Gadget.Registration.Factory", "Modules\Factory\Blood.Gadget.Registration.Factory.csproj", "{D3AD9A65-2CDB-4F28-B677-2CBA57F11777}"
EndProject
Global
	GlobalSection(SolutionConfigurationPlatforms) = preSolution
		Debug|Any CPU = Debug|Any CPU
		Release|Any CPU = Release|Any CPU
	EndGlobalSection
	GlobalSection(ProjectConfigurationPlatforms) = postSolution
		{6F1B3E49-B5D4-4B35-8D63-B65B20C0346F}.Debug|Any CPU.ActiveCfg = Debug|Any CPU
		{6F1B3E49-B5D4-4B35-8D63-B65B20C0346F}.Debug|Any CPU.Build.0 = Debug|Any CPU
		{6F1B3E49-B5D4-4B35-8D63-B65B20C0346F}.Release|Any CPU.ActiveCfg = Release|Any CPU
		{6F1B3E49-B5D4-4B35-8D63-B65B20C0346F}.Release|Any CPU.Build.0 = Release|Any CPU
		{4A4B168A-29CE-459C-A01F-A4B18E2043A5}.Debug|Any CPU.ActiveCfg = Debug|Any CPU
		{4A4B168A-29CE-459C-A01F-A4B18E2043A5}.Debug|Any CPU.Build.0 = Debug|Any CPU
		{4A4B168A-29CE-459C-A01F-A4B18E2043A5}.Release|Any CPU.ActiveCfg = Release|Any CPU
		{4A4B168A-29CE-459C-A01F-A4B18E2043A5}.Release|Any CPU.Build.0 = Release|Any CPU
		{D3AD9A65-2CDB-4F28-B677-2CBA57F11777}.Debug|Any CPU.ActiveCfg = Debug|Any CPU
		{D3AD9A65-2CDB-4F28-B677-2CBA57F11777}.Debug|Any CPU.Build.0 = Debug|Any CPU
		{D3AD9A65-2CDB-4F28-B677-2CBA57F11777}.Release|Any CPU.ActiveCfg = Release|Any CPU
		{D3AD9A65-2CDB-4F28-B677-2CBA57F11777}.Release|Any CPU.Build.0 = Release|Any CPU
	EndGlobalSection
	GlobalSection(SolutionProperties) = preSolution
		HideSolutionNode = FALSE
	EndGlobalSection
	GlobalSection(NestedProjects) = preSolution
		{6F1B3E49-B5D4-4B35-8D63-B65B20C0346F} = {84B1C0E0-4D2C-439E-B486-CE7E23ABB926}
		{CDB00EB9-1D99-4364-ABAF-E622F2DD978F} = {ADC3E837-9EAD-4738-AB96-C2A58D409F7F}
		{477489B4-73F3-4230-AC88-AB5E1EF8EF95} = {ADC3E837-9EAD-4738-AB96-C2A58D409F7F}
		{4A4B168A-29CE-459C-A01F-A4B18E2043A5} = {CDB00EB9-1D99-4364-ABAF-E622F2DD978F}
		{D3AD9A65-2CDB-4F28-B677-2CBA57F11777} = {477489B4-73F3-4230-AC88-AB5E1EF8EF95}
	EndGlobalSection
	GlobalSection(ExtensibilityGlobals) = postSolution
		SolutionGuid = {4CA54B36-4FDA-4830-9A1A-FB72507AA911}
	EndGlobalSection
EndGlobal
